{
  "version": 4,
  "terraform_version": "1.9.7",
  "serial": 18,
  "lineage": "134d1eee-fd08-5974-6869-ab482679c89b",
  "outputs": {
    "db_instance_endpoint": {
      "value": "tech-database-2-dev.cdpoovnehujg.us-east-1.rds.amazonaws.com:5432",
      "type": "string"
    },
    "db_instance_name": {
      "value": "tech-database-2-dev",
      "type": "string"
    },
    "db_username": {
      "value": "postgres",
      "type": "string",
      "sensitive": true
    },
    "postgres_connection_string": {
      "value": "postgresql://postgres:@tech-database-2-dev.cdpoovnehujg.us-east-1.rds.amazonaws.com:5432/",
      "type": "string",
      "sensitive": true
    }
  },
  "resources": [
    {
      "mode": "managed",
      "type": "aws_db_instance",
      "name": "tech_database",
      "provider": "provider[\"registry.terraform.io/hashicorp/aws\"]",
      "instances": [
        {
          "schema_version": 1,
          "attributes": {
            "address": "tech-database-2-dev.cdpoovnehujg.us-east-1.rds.amazonaws.com",
            "allocated_storage": 20,
            "allow_major_version_upgrade": null,
            "apply_immediately": null,
            "arn": "arn:aws:rds:us-east-1:264591339294:db:tech-database-2-dev",
            "auto_minor_version_upgrade": true,
            "availability_zone": "us-east-1a",
            "backup_retention_period": 1,
            "backup_window": "03:00-04:00",
            "blue_green_update": [],
            "ca_cert_identifier": "rds-ca-rsa2048-g1",
            "character_set_name": "",
            "copy_tags_to_snapshot": false,
            "custom_iam_instance_profile": "",
            "customer_owned_ip_enabled": false,
            "db_name": "",
            "db_subnet_group_name": "tech-db-subnet-group-dev",
            "delete_automated_backups": true,
            "deletion_protection": false,
            "domain": "",
            "domain_iam_role_name": "",
            "enabled_cloudwatch_logs_exports": [],
            "endpoint": "tech-database-2-dev.cdpoovnehujg.us-east-1.rds.amazonaws.com:5432",
            "engine": "postgres",
            "engine_version": "14.15",
            "engine_version_actual": "14.15",
            "final_snapshot_identifier": null,
            "hosted_zone_id": "Z2R2ITUGPM61AM",
            "iam_database_authentication_enabled": false,
            "id": "tech-database-2-dev",
            "identifier": "tech-database-2-dev",
            "identifier_prefix": "",
            "instance_class": "db.t3.micro",
            "iops": 0,
            "kms_key_id": "",
            "latest_restorable_time": "2025-03-24T21:49:31Z",
            "license_model": "postgresql-license",
            "listener_endpoint": [],
            "maintenance_window": "mon:04:00-mon:05:00",
            "manage_master_user_password": null,
            "master_user_secret": [],
            "master_user_secret_kms_key_id": null,
            "max_allocated_storage": 0,
            "monitoring_interval": 0,
            "monitoring_role_arn": "",
            "multi_az": false,
            "name": "",
            "nchar_character_set_name": "",
            "network_type": "IPV4",
            "option_group_name": "default:postgres-14",
            "parameter_group_name": "default.postgres14",
            "password": null,
            "performance_insights_enabled": true,
            "performance_insights_kms_key_id": "arn:aws:kms:us-east-1:264591339294:key/fe68ef48-2336-47ab-b698-0b4f3a3976f0",
            "performance_insights_retention_period": 7,
            "port": 5432,
            "publicly_accessible": false,
            "replica_mode": "",
            "replicas": [],
            "replicate_source_db": "",
            "resource_id": "db-2Q3DP6WYDMDCNVBPNMFKXERYNQ",
            "restore_to_point_in_time": [],
            "s3_import": [],
            "security_group_names": [],
            "skip_final_snapshot": true,
            "snapshot_identifier": null,
            "status": "available",
            "storage_encrypted": false,
            "storage_throughput": 0,
            "storage_type": "gp2",
            "tags": {
              "Environment": "dev",
              "ManagedBy": "terraform",
              "Name": "tech-database-dev",
              "Project": "tech-challenge",
              "TestPipe": "v1"
            },
            "tags_all": {
              "Environment": "dev",
              "ManagedBy": "terraform",
              "Name": "tech-database-dev",
              "Project": "tech-challenge",
              "TestPipe": "v1"
            },
            "timeouts": null,
            "timezone": "",
            "username": "postgres",
            "vpc_security_group_ids": [
              "sg-0bc5c87eb708e3263"
            ]
          },
          "sensitive_attributes": [
            [
              {
                "type": "get_attr",
                "value": "password"
              }
            ]
          ],
          "private": "eyJlMmJmYjczMC1lY2FhLTExZTYtOGY4OC0zNDM2M2JjN2M0YzAiOnsiY3JlYXRlIjoyNDAwMDAwMDAwMDAwLCJkZWxldGUiOjM2MDAwMDAwMDAwMDAsInVwZGF0ZSI6NDgwMDAwMDAwMDAwMH0sInNjaGVtYV92ZXJzaW9uIjoiMSJ9"
        }
      ]
    },
    {
      "mode": "managed",
      "type": "aws_db_subnet_group",
      "name": "default",
      "provider": "provider[\"registry.terraform.io/hashicorp/aws\"]",
      "instances": [
        {
          "schema_version": 0,
          "attributes": {
            "arn": "arn:aws:rds:us-east-1:264591339294:subgrp:tech-db-subnet-group-dev",
            "description": "Managed by Terraform",
            "id": "tech-db-subnet-group-dev",
            "name": "tech-db-subnet-group-dev",
            "name_prefix": "",
            "subnet_ids": [
              "subnet-0098125101b510832",
              "subnet-015fd3a4050f01494",
              "subnet-01ec3dff60a3e42d6",
              "subnet-08dbed1e92dd69532",
              "subnet-0cae5f98952ad6a36",
              "subnet-0eb850c74a8a2cc68"
            ],
            "supported_network_types": [
              "IPV4"
            ],
            "tags": {
              "Environment": "dev",
              "Name": "Tech DB Subnet Group"
            },
            "tags_all": {
              "Environment": "dev",
              "Name": "Tech DB Subnet Group"
            },
            "vpc_id": "vpc-05990529b17e1f6b2"
          },
          "sensitive_attributes": [],
          "private": "eyJzY2hlbWFfdmVyc2lvbiI6IjAifQ=="
        }
      ]
    },
    {
      "mode": "managed",
      "type": "aws_security_group",
      "name": "postgres",
      "provider": "provider[\"registry.terraform.io/hashicorp/aws\"]",
      "instances": [
        {
          "schema_version": 1,
          "attributes": {
            "arn": "arn:aws:ec2:us-east-1:264591339294:security-group/sg-0bc5c87eb708e3263",
            "description": "Allow PostgreSQL inbound traffic",
            "egress": [
              {
                "cidr_blocks": [
                  "0.0.0.0/0"
                ],
                "description": "",
                "from_port": 0,
                "ipv6_cidr_blocks": [],
                "prefix_list_ids": [],
                "protocol": "-1",
                "security_groups": [],
                "self": false,
                "to_port": 0
              }
            ],
            "id": "sg-0bc5c87eb708e3263",
            "ingress": [
              {
                "cidr_blocks": [
                  "172.31.48.0/20",
                  "172.31.32.0/20",
                  "172.31.0.0/20",
                  "172.31.64.0/20",
                  "172.31.80.0/20",
                  "172.31.16.0/20"
                ],
                "description": "PostgreSQL from application subnets",
                "from_port": 5432,
                "ipv6_cidr_blocks": [],
                "prefix_list_ids": [],
                "protocol": "tcp",
                "security_groups": [],
                "self": false,
                "to_port": 5432
              }
            ],
            "name": "tech-postgres-sg-dev",
            "name_prefix": "",
            "owner_id": "264591339294",
            "revoke_rules_on_delete": null,
            "tags": {
              "Environment": "dev",
              "Name": "tech-postgres-sg-dev"
            },
            "tags_all": {
              "Environment": "dev",
              "Name": "tech-postgres-sg-dev"
            },
            "timeouts": null,
            "vpc_id": "vpc-05990529b17e1f6b2"
          },
          "sensitive_attributes": [],
          "private": "eyJlMmJmYjczMC1lY2FhLTExZTYtOGY4OC0zNDM2M2JjN2M0YzAiOnsiY3JlYXRlIjo2MDAwMDAwMDAwMDAsImRlbGV0ZSI6OTAwMDAwMDAwMDAwfSwic2NoZW1hX3ZlcnNpb24iOiIxIn0="
        }
      ]
    }
  ],
  "check_results": null
}
